// !$*UTF8*$!
{
	archiveVersion = 1;
	classes = {
	};
	objectVersion = 55;
	objects = {

/* Begin PBXBuildFile section */
		323DCC34282EC74F006076CB /* ItunesListFinalApp.swift in Sources */ = {isa = PBXBuildFile; fileRef = 323DCC33282EC74F006076CB /* ItunesListFinalApp.swift */; };
		323DCC36282EC74F006076CB /* ContentView.swift in Sources */ = {isa = PBXBuildFile; fileRef = 323DCC35282EC74F006076CB /* ContentView.swift */; };
		323DCC38282EC75F006076CB /* Assets.xcassets in Resources */ = {isa = PBXBuildFile; fileRef = 323DCC37282EC75F006076CB /* Assets.xcassets */; };
		323DCC3B282EC75F006076CB /* Preview Assets.xcassets in Resources */ = {isa = PBXBuildFile; fileRef = 323DCC3A282EC75F006076CB /* Preview Assets.xcassets */; };
		323DCC45282EC75F006076CB /* ItunesListFinalTests.swift in Sources */ = {isa = PBXBuildFile; fileRef = 323DCC44282EC75F006076CB /* ItunesListFinalTests.swift */; };
		323DCC4F282EC75F006076CB /* ItunesListFinalUITests.swift in Sources */ = {isa = PBXBuildFile; fileRef = 323DCC4E282EC75F006076CB /* ItunesListFinalUITests.swift */; };
		323DCC51282EC75F006076CB /* ItunesListFinalUITestsLaunchTests.swift in Sources */ = {isa = PBXBuildFile; fileRef = 323DCC50282EC75F006076CB /* ItunesListFinalUITestsLaunchTests.swift */; };
		323DCC5E282EC7B5006076CB /* AlbumView.swift in Sources */ = {isa = PBXBuildFile; fileRef = 323DCC5D282EC7B5006076CB /* AlbumView.swift */; };
		323DCC60282EC906006076CB /* stones.json in Resources */ = {isa = PBXBuildFile; fileRef = 323DCC5F282EC906006076CB /* stones.json */; };
		323DCC62282ECABC006076CB /* AlbumDetailView.swift in Sources */ = {isa = PBXBuildFile; fileRef = 323DCC61282ECABC006076CB /* AlbumDetailView.swift */; };
		32876FA3282F21F300681843 /* songs.json in Resources */ = {isa = PBXBuildFile; fileRef = 32876FA2282F21F300681843 /* songs.json */; };
/* End PBXBuildFile section */

/* Begin PBXContainerItemProxy section */
		323DCC41282EC75F006076CB /* PBXContainerItemProxy */ = {
			isa = PBXContainerItemProxy;
			containerPortal = 323DCC28282EC74F006076CB /* Project object */;
			proxyType = 1;
			remoteGlobalIDString = 323DCC2F282EC74F006076CB;
			remoteInfo = ItunesListFinal;
		};
		323DCC4B282EC75F006076CB /* PBXContainerItemProxy */ = {
			isa = PBXContainerItemProxy;
			containerPortal = 323DCC28282EC74F006076CB /* Project object */;
			proxyType = 1;
			remoteGlobalIDString = 323DCC2F282EC74F006076CB;
			remoteInfo = ItunesListFinal;
		};
/* End PBXContainerItemProxy section */

/* Begin PBXFileReference section */
		323DCC30282EC74F006076CB /* ItunesListFinal.app */ = {isa = PBXFileReference; explicitFileType = wrapper.application; includeInIndex = 0; path = ItunesListFinal.app; sourceTree = BUILT_PRODUCTS_DIR; };
		323DCC33282EC74F006076CB /* ItunesListFinalApp.swift */ = {isa = PBXFileReference; lastKnownFileType = sourcecode.swift; path = ItunesListFinalApp.swift; sourceTree = "<group>"; };
		323DCC35282EC74F006076CB /* ContentView.swift */ = {isa = PBXFileReference; lastKnownFileType = sourcecode.swift; path = ContentView.swift; sourceTree = "<group>"; };
		323DCC37282EC75F006076CB /* Assets.xcassets */ = {isa = PBXFileReference; lastKnownFileType = folder.assetcatalog; path = Assets.xcassets; sourceTree = "<group>"; };
		323DCC3A282EC75F006076CB /* Preview Assets.xcassets */ = {isa = PBXFileReference; lastKnownFileType = folder.assetcatalog; path = "Preview Assets.xcassets"; sourceTree = "<group>"; };
		323DCC40282EC75F006076CB /* ItunesListFinalTests.xctest */ = {isa = PBXFileReference; explicitFileType = wrapper.cfbundle; includeInIndex = 0; path = ItunesListFinalTests.xctest; sourceTree = BUILT_PRODUCTS_DIR; };
		323DCC44282EC75F006076CB /* ItunesListFinalTests.swift */ = {isa = PBXFileReference; lastKnownFileType = sourcecode.swift; path = ItunesListFinalTests.swift; sourceTree = "<group>"; };
		323DCC4A282EC75F006076CB /* ItunesListFinalUITests.xctest */ = {isa = PBXFileReference; explicitFileType = wrapper.cfbundle; includeInIndex = 0; path = ItunesListFinalUITests.xctest; sourceTree = BUILT_PRODUCTS_DIR; };
		323DCC4E282EC75F006076CB /* ItunesListFinalUITests.swift */ = {isa = PBXFileReference; lastKnownFileType = sourcecode.swift; path = ItunesListFinalUITests.swift; sourceTree = "<group>"; };
		323DCC50282EC75F006076CB /* ItunesListFinalUITestsLaunchTests.swift */ = {isa = PBXFileReference; lastKnownFileType = sourcecode.swift; path = ItunesListFinalUITestsLaunchTests.swift; sourceTree = "<group>"; };
		323DCC5D282EC7B5006076CB /* AlbumView.swift */ = {isa = PBXFileReference; lastKnownFileType = sourcecode.swift; path = AlbumView.swift; sourceTree = "<group>"; };
		323DCC5F282EC906006076CB /* stones.json */ = {isa = PBXFileReference; fileEncoding = 4; lastKnownFileType = text.json; path = stones.json; sourceTree = "<group>"; };
		323DCC61282ECABC006076CB /* AlbumDetailView.swift */ = {isa = PBXFileReference; lastKnownFileType = sourcecode.swift; path = AlbumDetailView.swift; sourceTree = "<group>"; };
		32876FA2282F21F300681843 /* songs.json */ = {isa = PBXFileReference; fileEncoding = 4; lastKnownFileType = text.json; path = songs.json; sourceTree = "<group>"; };
/* End PBXFileReference section */

/* Begin PBXFrameworksBuildPhase section */
		323DCC2D282EC74F006076CB /* Frameworks */ = {
			isa = PBXFrameworksBuildPhase;
			buildActionMask = 2147483647;
			files = (
			);
			runOnlyForDeploymentPostprocessing = 0;
		};
		323DCC3D282EC75F006076CB /* Frameworks */ = {
			isa = PBXFrameworksBuildPhase;
			buildActionMask = 2147483647;
			files = (
			);
			runOnlyForDeploymentPostprocessing = 0;
		};
		323DCC47282EC75F006076CB /* Frameworks */ = {
			isa = PBXFrameworksBuildPhase;
			buildActionMask = 2147483647;
			files = (
			);
			runOnlyForDeploymentPostprocessing = 0;
		};
/* End PBXFrameworksBuildPhase section */

/* Begin PBXGroup section */
		323DCC27282EC74F006076CB = {
			isa = PBXGroup;
			children = (
				323DCC32282EC74F006076CB /* ItunesListFinal */,
				323DCC43282EC75F006076CB /* ItunesListFinalTests */,
				323DCC4D282EC75F006076CB /* ItunesListFinalUITests */,
				323DCC31282EC74F006076CB /* Products */,
			);
			sourceTree = "<group>";
		};
		323DCC31282EC74F006076CB /* Products */ = {
			isa = PBXGroup;
			children = (
				323DCC30282EC74F006076CB /* ItunesListFinal.app */,
				323DCC40282EC75F006076CB /* ItunesListFinalTests.xctest */,
				323DCC4A282EC75F006076CB /* ItunesListFinalUITests.xctest */,
			);
			name = Products;
			sourceTree = "<group>";
		};
		323DCC32282EC74F006076CB /* ItunesListFinal */ = {
			isa = PBXGroup;
			children = (
				323DCC33282EC74F006076CB /* ItunesListFinalApp.swift */,
				323DCC35282EC74F006076CB /* ContentView.swift */,
				323DCC5D282EC7B5006076CB /* AlbumView.swift */,
				323DCC61282ECABC006076CB /* AlbumDetailView.swift */,
				323DCC5F282EC906006076CB /* stones.json */,
				32876FA2282F21F300681843 /* songs.json */,
				323DCC37282EC75F006076CB /* Assets.xcassets */,
				323DCC39282EC75F006076CB /* Preview Content */,
			);
			path = ItunesListFinal;
			sourceTree = "<group>";
		};
		323DCC39282EC75F006076CB /* Preview Content */ = {
			isa = PBXGroup;
			children = (
				323DCC3A282EC75F006076CB /* Preview Assets.xcassets */,
			);
			path = "Preview Content";
			sourceTree = "<group>";
		};
		323DCC43282EC75F006076CB /* ItunesListFinalTests */ = {
			isa = PBXGroup;
			children = (
				323DCC44282EC75F006076CB /* ItunesListFinalTests.swift */,
			);
			path = ItunesListFinalTests;
			sourceTree = "<group>";
		};
		323DCC4D282EC75F006076CB /* ItunesListFinalUITests */ = {
			isa = PBXGroup;
			children = (
				323DCC4E282EC75F006076CB /* ItunesListFinalUITests.swift */,
				323DCC50282EC75F006076CB /* ItunesListFinalUITestsLaunchTests.swift */,
			);
			path = ItunesListFinalUITests;
			sourceTree = "<group>";
		};
/* End PBXGroup section */

/* Begin PBXNativeTarget section */
		323DCC2F282EC74F006076CB /* ItunesListFinal */ = {
			isa = PBXNativeTarget;
			buildConfigurationList = 323DCC54282EC75F006076CB /* Build configuration list for PBXNativeTarget "ItunesListFinal" */;
			buildPhases = (
				323DCC2C282EC74F006076CB /* Sources */,
				323DCC2D282EC74F006076CB /* Frameworks */,
				323DCC2E282EC74F006076CB /* Resources */,
			);
			buildRules = (
			);
			dependencies = (
			);
			name = ItunesListFinal;
			productName = ItunesListFinal;
			productReference = 323DCC30282EC74F006076CB /* ItunesListFinal.app */;
			productType = "com.apple.product-type.application";
		};
		323DCC3F282EC75F006076CB /* ItunesListFinalTests */ = {
			isa = PBXNativeTarget;
			buildConfigurationList = 323DCC57282EC75F006076CB /* Build configuration list for PBXNativeTarget "ItunesListFinalTests" */;
			buildPhases = (
				323DCC3C282EC75F006076CB /* Sources */,
				323DCC3D282EC75F006076CB /* Frameworks */,
				323DCC3E282EC75F006076CB /* Resources */,
			);
			buildRules = (
			);
			dependencies = (
				323DCC42282EC75F006076CB /* PBXTargetDependency */,
			);
			name = ItunesListFinalTests;
			productName = ItunesListFinalTests;
			productReference = 323DCC40282EC75F006076CB /* ItunesListFinalTests.xctest */;
			productType = "com.apple.product-type.bundle.unit-test";
		};
		323DCC49282EC75F006076CB /* ItunesListFinalUITests */ = {
			isa = PBXNativeTarget;
			buildConfigurationList = 323DCC5A282EC75F006076CB /* Build configuration list for PBXNativeTarget "ItunesListFinalUITests" */;
			buildPhases = (
				323DCC46282EC75F006076CB /* Sources */,
				323DCC47282EC75F006076CB /* Frameworks */,
				323DCC48282EC75F006076CB /* Resources */,
			);
			buildRules = (
			);
			dependencies = (
				323DCC4C282EC75F006076CB /* PBXTargetDependency */,
			);
			name = ItunesListFinalUITests;
			productName = ItunesListFinalUITests;
			productReference = 323DCC4A282EC75F006076CB /* ItunesListFinalUITests.xctest */;
			productType = "com.apple.product-type.bundle.ui-testing";
		};
/* End PBXNativeTarget section */

/* Begin PBXProject section */
		323DCC28282EC74F006076CB /* Project object */ = {
			isa = PBXProject;
			attributes = {
				BuildIndependentTargetsInParallel = 1;
				LastSwiftUpdateCheck = 1330;
				LastUpgradeCheck = 1330;
				TargetAttributes = {
					323DCC2F282EC74F006076CB = {
						CreatedOnToolsVersion = 13.3.1;
					};
					323DCC3F282EC75F006076CB = {
						CreatedOnToolsVersion = 13.3.1;
						TestTargetID = 323DCC2F282EC74F006076CB;
					};
					323DCC49282EC75F006076CB = {
						CreatedOnToolsVersion = 13.3.1;
						TestTargetID = 323DCC2F282EC74F006076CB;
					};
				};
			};
			buildConfigurationList = 323DCC2B282EC74F006076CB /* Build configuration list for PBXProject "ItunesListFinal" */;
			compatibilityVersion = "Xcode 13.0";
			developmentRegion = en;
			hasScannedForEncodings = 0;
			knownRegions = (
				en,
				Base,
			);
			mainGroup = 323DCC27282EC74F006076CB;
			productRefGroup = 323DCC31282EC74F006076CB /* Products */;
			projectDirPath = "";
			projectRoot = "";
			targets = (
				323DCC2F282EC74F006076CB /* ItunesListFinal */,
				323DCC3F282EC75F006076CB /* ItunesListFinalTests */,
				323DCC49282EC75F006076CB /* ItunesListFinalUITests */,
			);
		};
/* End PBXProject section */

/* Begin PBXResourcesBuildPhase section */
		323DCC2E282EC74F006076CB /* Resources */ = {
			isa = PBXResourcesBuildPhase;
			buildActionMask = 2147483647;
			files = (
				32876FA3282F21F300681843 /* songs.json in Resources */,
				323DCC3B282EC75F006076CB /* Preview Assets.xcassets in Resources */,
				323DCC60282EC906006076CB /* stones.json in Resources */,
				323DCC38282EC75F006076CB /* Assets.xcassets in Resources */,
			);
			runOnlyForDeploymentPostprocessing = 0;
		};
		323DCC3E282EC75F006076CB /* Resources */ = {
			isa = PBXResourcesBuildPhase;
			buildActionMask = 2147483647;
			files = (
			);
			runOnlyForDeploymentPostprocessing = 0;
		};
		323DCC48282EC75F006076CB /* Resources */ = {
			isa = PBXResourcesBuildPhase;
			buildActionMask = 2147483647;
			files = (
			);
			runOnlyForDeploymentPostprocessing = 0;
		};
/* End PBXResourcesBuildPhase section */

/* Begin PBXSourcesBuildPhase section */
		323DCC2C282EC74F006076CB /* Sources */ = {
			isa = PBXSourcesBuildPhase;
			buildActionMask = 2147483647;
			files = (
				323DCC5E282EC7B5006076CB /* AlbumView.swift in Sources */,
				323DCC36282EC74F006076CB /* ContentView.swift in Sources */,
				323DCC34282EC74F006076CB /* ItunesListFinalApp.swift in Sources */,
				323DCC62282ECABC006076CB /* AlbumDetailView.swift in Sources */,
			);
			runOnlyForDeploymentPostprocessing = 0;
		};
		323DCC3C282EC75F006076CB /* Sources */ = {
			isa = PBXSourcesBuildPhase;
			buildActionMask = 2147483647;
			files = (
				323DCC45282EC75F006076CB /* ItunesListFinalTests.swift in Sources */,
			);
			runOnlyForDeploymentPostprocessing = 0;
		};
		323DCC46282EC75F006076CB /* Sources */ = {
			isa = PBXSourcesBuildPhase;
			buildActionMask = 2147483647;
			files = (
				323DCC4F282EC75F006076CB /* ItunesListFinalUITests.swift in Sources */,
				323DCC51282EC75F006076CB /* ItunesListFinalUITestsLaunchTests.swift in Sources */,
			);
			runOnlyForDeploymentPostprocessing = 0;
		};
/* End PBXSourcesBuildPhase section */

/* Begin PBXTargetDependency section */
		323DCC42282EC75F006076CB /* PBXTargetDependency */ = {
			isa = PBXTargetDependency;
			target = 323DCC2F282EC74F006076CB /* ItunesListFinal */;
			targetProxy = 323DCC41282EC75F006076CB /* PBXContainerItemProxy */;
		};
		323DCC4C282EC75F006076CB /* PBXTargetDependency */ = {
			isa = PBXTargetDependency;
			target = 323DCC2F282EC74F006076CB /* ItunesListFinal */;
			targetProxy = 323DCC4B282EC75F006076CB /* PBXContainerItemProxy */;
		};
/* End PBXTargetDependency section */

/* Begin XCBuildConfiguration section */
		323DCC52282EC75F006076CB /* Debug */ = {
			isa = XCBuildConfiguration;
			buildSettings = {
				ALWAYS_SEARCH_USER_PATHS = NO;
				CLANG_ANALYZER_NONNULL = YES;
				CLANG_ANALYZER_NUMBER_OBJECT_CONVERSION = YES_AGGRESSIVE;
				CLANG_CXX_LANGUAGE_STANDARD = "gnu++17";
				CLANG_ENABLE_MODULES = YES;
				CLANG_ENABLE_OBJC_ARC = YES;
				CLANG_ENABLE_OBJC_WEAK = YES;
				CLANG_WARN_BLOCK_CAPTURE_AUTORELEASING = YES;
				CLANG_WARN_BOOL_CONVERSION = YES;
				CLANG_WARN_COMMA = YES;
				CLANG_WARN_CONSTANT_CONVERSION = YES;
				CLANG_WARN_DEPRECATED_OBJC_IMPLEMENTATIONS = YES;
				CLANG_WARN_DIRECT_OBJC_ISA_USAGE = YES_ERROR;
				CLANG_WARN_DOCUMENTATION_COMMENTS = YES;
				CLANG_WARN_EMPTY_BODY = YES;
				CLANG_WARN_ENUM_CONVERSION = YES;
				CLANG_WARN_INFINITE_RECURSION = YES;
				CLANG_WARN_INT_CONVERSION = YES;
				CLANG_WARN_NON_LITERAL_NULL_CONVERSION = YES;
				CLANG_WARN_OBJC_IMPLICIT_RETAIN_SELF = YES;
				CLANG_WARN_OBJC_LITERAL_CONVERSION = YES;
				CLANG_WARN_OBJC_ROOT_CLASS = YES_ERROR;
				CLANG_WARN_QUOTED_INCLUDE_IN_FRAMEWORK_HEADER = YES;
				CLANG_WARN_RANGE_LOOP_ANALYSIS = YES;
				CLANG_WARN_STRICT_PROTOTYPES = YES;
				CLANG_WARN_SUSPICIOUS_MOVE = YES;
				CLANG_WARN_UNGUARDED_AVAILABILITY = YES_AGGRESSIVE;
				CLANG_WARN_UNREACHABLE_CODE = YES;
				CLANG_WARN__DUPLICATE_METHOD_MATCH = YES;
				COPY_PHASE_STRIP = NO;
				DEBUG_INFORMATION_FORMAT = dwarf;
				ENABLE_STRICT_OBJC_MSGSEND = YES;
				ENABLE_TESTABILITY = YES;
				GCC_C_LANGUAGE_STANDARD = gnu11;
				GCC_DYNAMIC_NO_PIC = NO;
				GCC_NO_COMMON_BLOCKS = YES;
				GCC_OPTIMIZATION_LEVEL = 0;
				GCC_PREPROCESSOR_DEFINITIONS = (
					"DEBUG=1",
					"$(inherited)",
				);
				GCC_WARN_64_TO_32_BIT_CONVERSION = YES;
				GCC_WARN_ABOUT_RETURN_TYPE = YES_ERROR;
				GCC_WARN_UNDECLARED_SELECTOR = YES;
				GCC_WARN_UNINITIALIZED_AUTOS = YES_AGGRESSIVE;
				GCC_WARN_UNUSED_FUNCTION = YES;
				GCC_WARN_UNUSED_VARIABLE = YES;
				IPHONEOS_DEPLOYMENT_TARGET = 15.4;
				MTL_ENABLE_DEBUG_INFO = INCLUDE_SOURCE;
				MTL_FAST_MATH = YES;
				ONLY_ACTIVE_ARCH = YES;
				SDKROOT = iphoneos;
				SWIFT_ACTIVE_COMPILATION_CONDITIONS = DEBUG;
				SWIFT_OPTIMIZATION_LEVEL = "-Onone";
			};
			name = Debug;
		};
		323DCC53282EC75F006076CB /* Release */ = {
			isa = XCBuildConfiguration;
			buildSettings = {
				ALWAYS_SEARCH_USER_PATHS = NO;
				CLANG_ANALYZER_NONNULL = YES;
				CLANG_ANALYZER_NUMBER_OBJECT_CONVERSION = YES_AGGRESSIVE;
				CLANG_CXX_LANGUAGE_STANDARD = "gnu++17";
				CLANG_ENABLE_MODULES = YES;
				CLANG_ENABLE_OBJC_ARC = YES;
				CLANG_ENABLE_OBJC_WEAK = YES;
				CLANG_WARN_BLOCK_CAPTURE_AUTORELEASING = YES;
				CLANG_WARN_BOOL_CONVERSION = YES;
				CLANG_WARN_COMMA = YES;
				CLANG_WARN_CONSTANT_CONVERSION = YES;
				CLANG_WARN_DEPRECATED_OBJC_IMPLEMENTATIONS = YES;
				CLANG_WARN_DIRECT_OBJC_ISA_USAGE = YES_ERROR;
				CLANG_WARN_DOCUMENTATION_COMMENTS = YES;
				CLANG_WARN_EMPTY_BODY = YES;
				CLANG_WARN_ENUM_CONVERSION = YES;
				CLANG_WARN_INFINITE_RECURSION = YES;
				CLANG_WARN_INT_CONVERSION = YES;
				CLANG_WARN_NON_LITERAL_NULL_CONVERSION = YES;
				CLANG_WARN_OBJC_IMPLICIT_RETAIN_SELF = YES;
				CLANG_WARN_OBJC_LITERAL_CONVERSION = YES;
				CLANG_WARN_OBJC_ROOT_CLASS = YES_ERROR;
				CLANG_WARN_QUOTED_INCLUDE_IN_FRAMEWORK_HEADER = YES;
				CLANG_WARN_RANGE_LOOP_ANALYSIS = YES;
				CLANG_WARN_STRICT_PROTOTYPES = YES;
				CLANG_WARN_SUSPICIOUS_MOVE = YES;
				CLANG_WARN_UNGUARDED_AVAILABILITY = YES_AGGRESSIVE;
				CLANG_WARN_UNREACHABLE_CODE = YES;
				CLANG_WARN__DUPLICATE_METHOD_MATCH = YES;
				COPY_PHASE_STRIP = NO;
				DEBUG_INFORMATION_FORMAT = "dwarf-with-dsym";
				ENABLE_NS_ASSERTIONS = NO;
				ENABLE_STRICT_OBJC_MSGSEND = YES;
				GCC_C_LANGUAGE_STANDARD = gnu11;
				GCC_NO_COMMON_BLOCKS = YES;
				GCC_WARN_64_TO_32_BIT_CONVERSION = YES;
				GCC_WARN_ABOUT_RETURN_TYPE = YES_ERROR;
				GCC_WARN_UNDECLARED_SELECTOR = YES;
				GCC_WARN_UNINITIALIZED_AUTOS = YES_AGGRESSIVE;
				GCC_WARN_UNUSED_FUNCTION = YES;
				GCC_WARN_UNUSED_VARIABLE = YES;
				IPHONEOS_DEPLOYMENT_TARGET = 15.4;
				MTL_ENABLE_DEBUG_INFO = NO;
				MTL_FAST_MATH = YES;
				SDKROOT = iphoneos;
				SWIFT_COMPILATION_MODE = wholemodule;
				SWIFT_OPTIMIZATION_LEVEL = "-O";
				VALIDATE_PRODUCT = YES;
			};
			name = Release;
		};
		323DCC55282EC75F006076CB /* Debug */ = {
			isa = XCBuildConfiguration;
			buildSettings = {
				ASSETCATALOG_COMPILER_APPICON_NAME = AppIcon;
				ASSETCATALOG_COMPILER_GLOBAL_ACCENT_COLOR_NAME = AccentColor;
				CODE_SIGN_STYLE = Automatic;
				CURRENT_PROJECT_VERSION = 1;
				DEVELOPMENT_ASSET_PATHS = "\"ItunesListFinal/Preview Content\"";
				ENABLE_PREVIEWS = YES;
				GENERATE_INFOPLIST_FILE = YES;
				INFOPLIST_KEY_UIApplicationSceneManifest_Generation = YES;
				INFOPLIST_KEY_UIApplicationSupportsIndirectInputEvents = YES;
				INFOPLIST_KEY_UILaunchScreen_Generation = YES;
				INFOPLIST_KEY_UISupportedInterfaceOrientations_iPad = "UIInterfaceOrientationPortrait UIInterfaceOrientationPortraitUpsideDown UIInterfaceOrientationLandscapeLeft UIInterfaceOrientationLandscapeRight";
				INFOPLIST_KEY_UISupportedInterfaceOrientations_iPhone = "UIInterfaceOrientationPortrait UIInterfaceOrientationLandscapeLeft UIInterfaceOrientationLandscapeRight";
				LD_RUNPATH_SEARCH_PATHS = (
					"$(inherited)",
					"@executable_path/Frameworks",
				);
				MARKETING_VERSION = 1.0;
				PRODUCT_BUNDLE_IDENTIFIER = ch.zhaw.ItunesListFinal;
				PRODUCT_NAME = "$(TARGET_NAME)";
				SWIFT_EMIT_LOC_STRINGS = YES;
				SWIFT_VERSION = 5.0;
				TARGETED_DEVICE_FAMILY = "1,2";
			};
			name = Debug;
		};
		323DCC56282EC75F006076CB /* Release */ = {
			isa = XCBuildConfiguration;
			buildSettings = {
				ASSETCATALOG_COMPILER_APPICON_NAME = AppIcon;
				ASSETCATALOG_COMPILER_GLOBAL_ACCENT_COLOR_NAME = AccentColor;
				CODE_SIGN_STYLE = Automatic;
				CURRENT_PROJECT_VERSION = 1;
				DEVELOPMENT_ASSET_PATHS = "\"ItunesListFinal/Preview Content\"";
				ENABLE_PREVIEWS = YES;
				GENERATE_INFOPLIST_FILE = YES;
				INFOPLIST_KEY_UIApplicationSceneManifest_Generation = YES;
				INFOPLIST_KEY_UIApplicationSupportsIndirectInputEvents = YES;
				INFOPLIST_KEY_UILaunchScreen_Generation = YES;
				INFOPLIST_KEY_UISupportedInterfaceOrientations_iPad = "UIInterfaceOrientationPortrait UIInterfaceOrientationPortraitUpsideDown UIInterfaceOrientationLandscapeLeft UIInterfaceOrientationLandscapeRight";
				INFOPLIST_KEY_UISupportedInterfaceOrientations_iPhone = "UIInterfaceOrientationPortrait UIInterfaceOrientationLandscapeLeft UIInterfaceOrientationLandscapeRight";
				LD_RUNPATH_SEARCH_PATHS = (
					"$(inherited)",
					"@executable_path/Frameworks",
				);
				MARKETING_VERSION = 1.0;
				PRODUCT_BUNDLE_IDENTIFIER = ch.zhaw.ItunesListFinal;
				PRODUCT_NAME = "$(TARGET_NAME)";
				SWIFT_EMIT_LOC_STRINGS = YES;
				SWIFT_VERSION = 5.0;
				TARGETED_DEVICE_FAMILY = "1,2";
			};
			name = Release;
		};
		323DCC58282EC75F006076CB /* Debug */ = {
			isa = XCBuildConfiguration;
			buildSettings = {
				ALWAYS_EMBED_SWIFT_STANDARD_LIBRARIES = YES;
				BUNDLE_LOADER = "$(TEST_HOST)";
				CODE_SIGN_STYLE = Automatic;
				CURRENT_PROJECT_VERSION = 1;
				GENERATE_INFOPLIST_FILE = YES;
				IPHONEOS_DEPLOYMENT_TARGET = 15.4;
				MARKETING_VERSION = 1.0;
				PRODUCT_BUNDLE_IDENTIFIER = ch.zhaw.ItunesListFinalTests;
				PRODUCT_NAME = "$(TARGET_NAME)";
				SWIFT_EMIT_LOC_STRINGS = NO;
				SWIFT_VERSION = 5.0;
				TARGETED_DEVICE_FAMILY = "1,2";
				TEST_HOST = "$(BUILT_PRODUCTS_DIR)/ItunesListFinal.app/ItunesListFinal";
			};
			name = Debug;
		};
		323DCC59282EC75F006076CB /* Release */ = {
			isa = XCBuildConfiguration;
			buildSettings = {
				ALWAYS_EMBED_SWIFT_STANDARD_LIBRARIES = YES;
				BUNDLE_LOADER = "$(TEST_HOST)";
				CODE_SIGN_STYLE = Automatic;
				CURRENT_PROJECT_VERSION = 1;
				GENERATE_INFOPLIST_FILE = YES;
				IPHONEOS_DEPLOYMENT_TARGET = 15.4;
				MARKETING_VERSION = 1.0;
				PRODUCT_BUNDLE_IDENTIFIER = ch.zhaw.ItunesListFinalTests;
				PRODUCT_NAME = "$(TARGET_NAME)";
				SWIFT_EMIT_LOC_STRINGS = NO;
				SWIFT_VERSION = 5.0;
				TARGETED_DEVICE_FAMILY = "1,2";
				TEST_HOST = "$(BUILT_PRODUCTS_DIR)/ItunesListFinal.app/ItunesListFinal";
			};
			name = Release;
		};
		323DCC5B282EC75F006076CB /* Debug */ = {
			isa = XCBuildConfiguration;
			buildSettings = {
				ALWAYS_EMBED_SWIFT_STANDARD_LIBRARIES = YES;
				CODE_SIGN_STYLE = Automatic;
				CURRENT_PROJECT_VERSION = 1;
				GENERATE_INFOPLIST_FILE = YES;
				MARKETING_VERSION = 1.0;
				PRODUCT_BUNDLE_IDENTIFIER = ch.zhaw.ItunesListFinalUITests;
				PRODUCT_NAME = "$(TARGET_NAME)";
				SWIFT_EMIT_LOC_STRINGS = NO;
				SWIFT_VERSION = 5.0;
				TARGETED_DEVICE_FAMILY = "1,2";
				TEST_TARGET_NAME = ItunesListFinal;
			};
			name = Debug;
		};
		323DCC5C282EC75F006076CB /* Release */ = {
			isa = XCBuildConfiguration;
			buildSettings = {
				ALWAYS_EMBED_SWIFT_STANDARD_LIBRARIES = YES;
				CODE_SIGN_STYLE = Automatic;
				CURRENT_PROJECT_VERSION = 1;
				GENERATE_INFOPLIST_FILE = YES;
				MARKETING_VERSION = 1.0;
				PRODUCT_BUNDLE_IDENTIFIER = ch.zhaw.ItunesListFinalUITests;
				PRODUCT_NAME = "$(TARGET_NAME)";
				SWIFT_EMIT_LOC_STRINGS = NO;
				SWIFT_VERSION = 5.0;
				TARGETED_DEVICE_FAMILY = "1,2";
				TEST_TARGET_NAME = ItunesListFinal;
			};
			name = Release;
		};
/* End XCBuildConfiguration section */

/* Begin XCConfigurationList section */
		323DCC2B282EC74F006076CB /* Build configuration list for PBXProject "ItunesListFinal" */ = {
			isa = XCConfigurationList;
			buildConfigurations = (
				323DCC52282EC75F006076CB /* Debug */,
				323DCC53282EC75F006076CB /* Release */,
			);
			defaultConfigurationIsVisible = 0;
			defaultConfigurationName = Release;
		};
		323DCC54282EC75F006076CB /* Build configuration list for PBXNativeTarget "ItunesListFinal" */ = {
			isa = XCConfigurationList;
			buildConfigurations = (
				323DCC55282EC75F006076CB /* Debug */,
				323DCC56282EC75F006076CB /* Release */,
			);
			defaultConfigurationIsVisible = 0;
			defaultConfigurationName = Release;
		};
		323DCC57282EC75F006076CB /* Build configuration list for PBXNativeTarget "ItunesListFinalTests" */ = {
			isa = XCConfigurationList;
			buildConfigurations = (
				323DCC58282EC75F006076CB /* Debug */,
				323DCC59282EC75F006076CB /* Release */,
			);
			defaultConfigurationIsVisible = 0;
			defaultConfigurationName = Release;
		};
		323DCC5A282EC75F006076CB /* Build configuration list for PBXNativeTarget "ItunesListFinalUITests" */ = {
			isa = XCConfigurationList;
			buildConfigurations = (
				323DCC5B282EC75F006076CB /* Debug */,
				323DCC5C282EC75F006076CB /* Release */,
			);
			defaultConfigurationIsVisible = 0;
			defaultConfigurationName = Release;
		};
/* End XCConfigurationList section */
	};
	rootObject = 323DCC28282EC74F006076CB /* Project object */;
}
